<?xml version="1.0" encoding="utf-8"?>
<Project ToolsVersion="4.0" xmlns="http://schemas.microsoft.com/developer/msbuild/2003">
  <ItemGroup>
    <Filter Include="Source Files">
      <UniqueIdentifier>{4FC737F1-C7A5-4376-A066-2A32D752A2FF}</UniqueIdentifier>
      <Extensions>cpp;c;cc;cxx;c++;cppm;ixx;def;odl;idl;hpj;bat;asm;asmx</Extensions>
    </Filter>
    <Filter Include="Header Files">
      <UniqueIdentifier>{93995380-89BD-4b04-88EB-625FBE52EBFB}</UniqueIdentifier>
      <Extensions>h;hh;hpp;hxx;h++;hm;inl;inc;ipp;xsd</Extensions>
    </Filter>
    <Filter Include="Resource Files">
      <UniqueIdentifier>{67DA6AB6-F800-4c08-8B7A-83BB121AAD01}</UniqueIdentifier>
      <Extensions>rc;ico;cur;bmp;dlg;rc2;rct;bin;rgs;gif;jpg;jpeg;jpe;resx;tiff;tif;png;wav;mfcribbon-ms</Extensions>
    </Filter>
    <Filter Include="Source Files\Board">
      <UniqueIdentifier>{81ed3a4d-0514-4437-8626-426cd574f838}</UniqueIdentifier>
    </Filter>
    <Filter Include="Source Files\Pieces">
      <UniqueIdentifier>{db33480a-3c1d-4120-91ad-c60b3ba60c9a}</UniqueIdentifier>
    </Filter>
    <Filter Include="Source Files\Interface">
      <UniqueIdentifier>{87f1ee29-5d81-4e79-8137-350c5d938355}</UniqueIdentifier>
    </Filter>
    <Filter Include="Source Files\GameInit">
      <UniqueIdentifier>{d1654bfa-a13b-45d4-b622-e47a75d94cdc}</UniqueIdentifier>
    </Filter>
    <Filter Include="Source Files\Helper">
      <UniqueIdentifier>{762f29fa-0ebc-41a0-a30b-f291a8d67671}</UniqueIdentifier>
    </Filter>
  </ItemGroup>
  <ItemGroup>
    <ClCompile Include="boardUpdateColorsSquares.cpp">
      <Filter>Source Files\Board</Filter>
    </ClCompile>
    <ClCompile Include="boardInit.cpp">
      <Filter>Source Files\Board</Filter>
    </ClCompile>
    <ClCompile Include="boardUpdateRender.cpp">
      <Filter>Source Files\Board</Filter>
    </ClCompile>
    <ClCompile Include="boardMovingPiece.cpp">
      <Filter>Source Files\Board</Filter>
    </ClCompile>
    <ClCompile Include="checkIfCheckmate.cpp">
      <Filter>Source Files\Board</Filter>
    </ClCompile>
    <ClCompile Include="bishop.cpp">
      <Filter>Source Files\Pieces</Filter>
    </ClCompile>
    <ClCompile Include="king.cpp">
      <Filter>Source Files\Pieces</Filter>
    </ClCompile>
    <ClCompile Include="knight.cpp">
      <Filter>Source Files\Pieces</Filter>
    </ClCompile>
    <ClCompile Include="pawn.cpp">
      <Filter>Source Files\Pieces</Filter>
    </ClCompile>
    <ClCompile Include="piece.cpp">
      <Filter>Source Files\Pieces</Filter>
    </ClCompile>
    <ClCompile Include="queen.cpp">
      <Filter>Source Files\Pieces</Filter>
    </ClCompile>
    <ClCompile Include="rook.cpp">
      <Filter>Source Files\Pieces</Filter>
    </ClCompile>
    <ClCompile Include="game.cpp">
      <Filter>Source Files\GameInit</Filter>
    </ClCompile>
    <ClCompile Include="main.cpp">
      <Filter>Source Files\GameInit</Filter>
    </ClCompile>
    <ClCompile Include="rectangle.cpp">
      <Filter>Source Files\Helper</Filter>
    </ClCompile>
    <ClCompile Include="textureManager.cpp">
      <Filter>Source Files\Helper</Filter>
    </ClCompile>
    <ClCompile Include="mainLoop.cpp">
      <Filter>Source Files\GameInit</Filter>
    </ClCompile>
    <ClCompile Include="interface.cpp">
      <Filter>Source Files\Interface</Filter>
    </ClCompile>
    <ClCompile Include="authenticationInterface.cpp">
      <Filter>Source Files\Interface</Filter>
    </ClCompile>
    <ClCompile Include="player.cpp">
      <Filter>Source Files\Helper</Filter>
    </ClCompile>
    <ClCompile Include="hallOfFameInterface.cpp">
      <Filter>Source Files\Interface</Filter>
    </ClCompile>
  </ItemGroup>
  <ItemGroup>
    <ClInclude Include="game.h">
      <Filter>Header Files</Filter>
    </ClInclude>
    <ClInclude Include="textureManager.h">
      <Filter>Header Files</Filter>
    </ClInclude>
    <ClInclude Include="piece.h">
      <Filter>Header Files</Filter>
    </ClInclude>
    <ClInclude Include="board.h">
      <Filter>Header Files</Filter>
    </ClInclude>
    <ClInclude Include="pawn.h">
      <Filter>Header Files</Filter>
    </ClInclude>
    <ClInclude Include="knight.h">
      <Filter>Header Files</Filter>
    </ClInclude>
    <ClInclude Include="rook.h">
      <Filter>Header Files</Filter>
    </ClInclude>
    <ClInclude Include="bishop.h">
      <Filter>Header Files</Filter>
    </ClInclude>
    <ClInclude Include="king.h">
      <Filter>Header Files</Filter>
    </ClInclude>
    <ClInclude Include="queen.h">
      <Filter>Header Files</Filter>
    </ClInclude>
    <ClInclude Include="rectangle.h">
      <Filter>Header Files</Filter>
    </ClInclude>
    <ClInclude Include="errorsObjects.h">
      <Filter>Header Files</Filter>
    </ClInclude>
    <ClInclude Include="mainLoop.h">
      <Filter>Header Files</Filter>
    </ClInclude>
    <ClInclude Include="interface.h">
      <Filter>Header Files</Filter>
    </ClInclude>
    <ClInclude Include="player.h">
      <Filter>Header Files</Filter>
    </ClInclude>
  </ItemGroup>
  <ItemGroup>
    <None Include="README.md" />
  </ItemGroup>
  <ItemGroup>
    <Text Include="result.txt" />
  </ItemGroup>
</Project>